// !$*UTF8*$!
{
	archiveVersion = 1;
	classes = {
	};
	objectVersion = 56;
	objects = {

/* Begin PBXBuildFile section */
		D941ACD92AE2F44A0008159C /* FoodOrderApp.swift in Sources */ = {isa = PBXBuildFile; fileRef = D941ACD82AE2F44A0008159C /* FoodOrderApp.swift */; };
		D941ACDB2AE2F44A0008159C /* FoodTabView.swift in Sources */ = {isa = PBXBuildFile; fileRef = D941ACDA2AE2F44A0008159C /* FoodTabView.swift */; };
		D941ACDD2AE2F44C0008159C /* Assets.xcassets in Resources */ = {isa = PBXBuildFile; fileRef = D941ACDC2AE2F44C0008159C /* Assets.xcassets */; };
		D941ACE12AE2F44C0008159C /* Preview Assets.xcassets in Resources */ = {isa = PBXBuildFile; fileRef = D941ACE02AE2F44C0008159C /* Preview Assets.xcassets */; };
		D941ACEB2AE2F44C0008159C /* FoodOrderTests.swift in Sources */ = {isa = PBXBuildFile; fileRef = D941ACEA2AE2F44C0008159C /* FoodOrderTests.swift */; };
		D941ACF52AE2F44C0008159C /* FoodOrderUITests.swift in Sources */ = {isa = PBXBuildFile; fileRef = D941ACF42AE2F44C0008159C /* FoodOrderUITests.swift */; };
		D941ACF72AE2F44C0008159C /* FoodOrderUITestsLaunchTests.swift in Sources */ = {isa = PBXBuildFile; fileRef = D941ACF62AE2F44C0008159C /* FoodOrderUITestsLaunchTests.swift */; };
		D941AD042AE3A1170008159C /* FoodListView.swift in Sources */ = {isa = PBXBuildFile; fileRef = D941AD032AE3A1170008159C /* FoodListView.swift */; };
		D941AD062AE3A1330008159C /* OrderView.swift in Sources */ = {isa = PBXBuildFile; fileRef = D941AD052AE3A1330008159C /* OrderView.swift */; };
		D941AD082AE3A1490008159C /* AccountView.swift in Sources */ = {isa = PBXBuildFile; fileRef = D941AD072AE3A1490008159C /* AccountView.swift */; };
/* End PBXBuildFile section */

/* Begin PBXContainerItemProxy section */
		D941ACE72AE2F44C0008159C /* PBXContainerItemProxy */ = {
			isa = PBXContainerItemProxy;
			containerPortal = D941ACCD2AE2F44A0008159C /* Project object */;
			proxyType = 1;
			remoteGlobalIDString = D941ACD42AE2F44A0008159C;
			remoteInfo = FoodOrder;
		};
		D941ACF12AE2F44C0008159C /* PBXContainerItemProxy */ = {
			isa = PBXContainerItemProxy;
			containerPortal = D941ACCD2AE2F44A0008159C /* Project object */;
			proxyType = 1;
			remoteGlobalIDString = D941ACD42AE2F44A0008159C;
			remoteInfo = FoodOrder;
		};
/* End PBXContainerItemProxy section */

/* Begin PBXFileReference section */
		D941ACD52AE2F44A0008159C /* FoodOrder.app */ = {isa = PBXFileReference; explicitFileType = wrapper.application; includeInIndex = 0; path = FoodOrder.app; sourceTree = BUILT_PRODUCTS_DIR; };
		D941ACD82AE2F44A0008159C /* FoodOrderApp.swift */ = {isa = PBXFileReference; lastKnownFileType = sourcecode.swift; path = FoodOrderApp.swift; sourceTree = "<group>"; };
		D941ACDA2AE2F44A0008159C /* FoodTabView.swift */ = {isa = PBXFileReference; lastKnownFileType = sourcecode.swift; path = FoodTabView.swift; sourceTree = "<group>"; };
		D941ACDC2AE2F44C0008159C /* Assets.xcassets */ = {isa = PBXFileReference; lastKnownFileType = folder.assetcatalog; path = Assets.xcassets; sourceTree = "<group>"; };
		D941ACDE2AE2F44C0008159C /* FoodOrder.entitlements */ = {isa = PBXFileReference; lastKnownFileType = text.plist.entitlements; path = FoodOrder.entitlements; sourceTree = "<group>"; };
		D941ACE02AE2F44C0008159C /* Preview Assets.xcassets */ = {isa = PBXFileReference; lastKnownFileType = folder.assetcatalog; path = "Preview Assets.xcassets"; sourceTree = "<group>"; };
		D941ACE62AE2F44C0008159C /* FoodOrderTests.xctest */ = {isa = PBXFileReference; explicitFileType = wrapper.cfbundle; includeInIndex = 0; path = FoodOrderTests.xctest; sourceTree = BUILT_PRODUCTS_DIR; };
		D941ACEA2AE2F44C0008159C /* FoodOrderTests.swift */ = {isa = PBXFileReference; lastKnownFileType = sourcecode.swift; path = FoodOrderTests.swift; sourceTree = "<group>"; };
		D941ACF02AE2F44C0008159C /* FoodOrderUITests.xctest */ = {isa = PBXFileReference; explicitFileType = wrapper.cfbundle; includeInIndex = 0; path = FoodOrderUITests.xctest; sourceTree = BUILT_PRODUCTS_DIR; };
		D941ACF42AE2F44C0008159C /* FoodOrderUITests.swift */ = {isa = PBXFileReference; lastKnownFileType = sourcecode.swift; path = FoodOrderUITests.swift; sourceTree = "<group>"; };
		D941ACF62AE2F44C0008159C /* FoodOrderUITestsLaunchTests.swift */ = {isa = PBXFileReference; lastKnownFileType = sourcecode.swift; path = FoodOrderUITestsLaunchTests.swift; sourceTree = "<group>"; };
		D941AD032AE3A1170008159C /* FoodListView.swift */ = {isa = PBXFileReference; lastKnownFileType = sourcecode.swift; path = FoodListView.swift; sourceTree = "<group>"; };
		D941AD052AE3A1330008159C /* OrderView.swift */ = {isa = PBXFileReference; lastKnownFileType = sourcecode.swift; path = OrderView.swift; sourceTree = "<group>"; };
		D941AD072AE3A1490008159C /* AccountView.swift */ = {isa = PBXFileReference; lastKnownFileType = sourcecode.swift; path = AccountView.swift; sourceTree = "<group>"; };
/* End PBXFileReference section */

/* Begin PBXFrameworksBuildPhase section */
		D941ACD22AE2F44A0008159C /* Frameworks */ = {
			isa = PBXFrameworksBuildPhase;
			buildActionMask = 2147483647;
			files = (
			);
			runOnlyForDeploymentPostprocessing = 0;
		};
		D941ACE32AE2F44C0008159C /* Frameworks */ = {
			isa = PBXFrameworksBuildPhase;
			buildActionMask = 2147483647;
			files = (
			);
			runOnlyForDeploymentPostprocessing = 0;
		};
		D941ACED2AE2F44C0008159C /* Frameworks */ = {
			isa = PBXFrameworksBuildPhase;
			buildActionMask = 2147483647;
			files = (
			);
			runOnlyForDeploymentPostprocessing = 0;
		};
/* End PBXFrameworksBuildPhase section */

/* Begin PBXGroup section */
		D941ACCC2AE2F44A0008159C = {
			isa = PBXGroup;
			children = (
				D941ACD72AE2F44A0008159C /* FoodOrder */,
				D941ACE92AE2F44C0008159C /* FoodOrderTests */,
				D941ACF32AE2F44C0008159C /* FoodOrderUITests */,
				D941ACD62AE2F44A0008159C /* Products */,
			);
			sourceTree = "<group>";
		};
		D941ACD62AE2F44A0008159C /* Products */ = {
			isa = PBXGroup;
			children = (
				D941ACD52AE2F44A0008159C /* FoodOrder.app */,
				D941ACE62AE2F44C0008159C /* FoodOrderTests.xctest */,
				D941ACF02AE2F44C0008159C /* FoodOrderUITests.xctest */,
			);
			name = Products;
			sourceTree = "<group>";
		};
		D941ACD72AE2F44A0008159C /* FoodOrder */ = {
			isa = PBXGroup;
			children = (
				D941ACD82AE2F44A0008159C /* FoodOrderApp.swift */,
				D941ACDA2AE2F44A0008159C /* FoodTabView.swift */,
				D941ACDC2AE2F44C0008159C /* Assets.xcassets */,
				D941ACDE2AE2F44C0008159C /* FoodOrder.entitlements */,
				D941ACDF2AE2F44C0008159C /* Preview Content */,
				D941AD032AE3A1170008159C /* FoodListView.swift */,
				D941AD052AE3A1330008159C /* OrderView.swift */,
				D941AD072AE3A1490008159C /* AccountView.swift */,
			);
			path = FoodOrder;
			sourceTree = "<group>";
		};
		D941ACDF2AE2F44C0008159C /* Preview Content */ = {
			isa = PBXGroup;
			children = (
				D941ACE02AE2F44C0008159C /* Preview Assets.xcassets */,
			);
			path = "Preview Content";
			sourceTree = "<group>";
		};
		D941ACE92AE2F44C0008159C /* FoodOrderTests */ = {
			isa = PBXGroup;
			children = (
				D941ACEA2AE2F44C0008159C /* FoodOrderTests.swift */,
			);
			path = FoodOrderTests;
			sourceTree = "<group>";
		};
		D941ACF32AE2F44C0008159C /* FoodOrderUITests */ = {
			isa = PBXGroup;
			children = (
				D941ACF42AE2F44C0008159C /* FoodOrderUITests.swift */,
				D941ACF62AE2F44C0008159C /* FoodOrderUITestsLaunchTests.swift */,
			);
			path = FoodOrderUITests;
			sourceTree = "<group>";
		};
/* End PBXGroup section */

/* Begin PBXNativeTarget section */
		D941ACD42AE2F44A0008159C /* FoodOrder */ = {
			isa = PBXNativeTarget;
			buildConfigurationList = D941ACFA2AE2F44C0008159C /* Build configuration list for PBXNativeTarget "FoodOrder" */;
			buildPhases = (
				D941ACD12AE2F44A0008159C /* Sources */,
				D941ACD22AE2F44A0008159C /* Frameworks */,
				D941ACD32AE2F44A0008159C /* Resources */,
			);
			buildRules = (
			);
			dependencies = (
			);
			name = FoodOrder;
			productName = FoodOrder;
			productReference = D941ACD52AE2F44A0008159C /* FoodOrder.app */;
			productType = "com.apple.product-type.application";
		};
		D941ACE52AE2F44C0008159C /* FoodOrderTests */ = {
			isa = PBXNativeTarget;
			buildConfigurationList = D941ACFD2AE2F44C0008159C /* Build configuration list for PBXNativeTarget "FoodOrderTests" */;
			buildPhases = (
				D941ACE22AE2F44C0008159C /* Sources */,
				D941ACE32AE2F44C0008159C /* Frameworks */,
				D941ACE42AE2F44C0008159C /* Resources */,
			);
			buildRules = (
			);
			dependencies = (
				D941ACE82AE2F44C0008159C /* PBXTargetDependency */,
			);
			name = FoodOrderTests;
			productName = FoodOrderTests;
			productReference = D941ACE62AE2F44C0008159C /* FoodOrderTests.xctest */;
			productType = "com.apple.product-type.bundle.unit-test";
		};
		D941ACEF2AE2F44C0008159C /* FoodOrderUITests */ = {
			isa = PBXNativeTarget;
			buildConfigurationList = D941AD002AE2F44C0008159C /* Build configuration list for PBXNativeTarget "FoodOrderUITests" */;
			buildPhases = (
				D941ACEC2AE2F44C0008159C /* Sources */,
				D941ACED2AE2F44C0008159C /* Frameworks */,
				D941ACEE2AE2F44C0008159C /* Resources */,
			);
			buildRules = (
			);
			dependencies = (
				D941ACF22AE2F44C0008159C /* PBXTargetDependency */,
			);
			name = FoodOrderUITests;
			productName = FoodOrderUITests;
			productReference = D941ACF02AE2F44C0008159C /* FoodOrderUITests.xctest */;
			productType = "com.apple.product-type.bundle.ui-testing";
		};
/* End PBXNativeTarget section */

/* Begin PBXProject section */
		D941ACCD2AE2F44A0008159C /* Project object */ = {
			isa = PBXProject;
			attributes = {
				BuildIndependentTargetsInParallel = 1;
				LastSwiftUpdateCheck = 1500;
				LastUpgradeCheck = 1500;
				TargetAttributes = {
					D941ACD42AE2F44A0008159C = {
						CreatedOnToolsVersion = 15.0;
					};
					D941ACE52AE2F44C0008159C = {
						CreatedOnToolsVersion = 15.0;
						TestTargetID = D941ACD42AE2F44A0008159C;
					};
					D941ACEF2AE2F44C0008159C = {
						CreatedOnToolsVersion = 15.0;
						TestTargetID = D941ACD42AE2F44A0008159C;
					};
				};
			};
			buildConfigurationList = D941ACD02AE2F44A0008159C /* Build configuration list for PBXProject "FoodOrder" */;
			compatibilityVersion = "Xcode 14.0";
			developmentRegion = en;
			hasScannedForEncodings = 0;
			knownRegions = (
				en,
				Base,
			);
			mainGroup = D941ACCC2AE2F44A0008159C;
			productRefGroup = D941ACD62AE2F44A0008159C /* Products */;
			projectDirPath = "";
			projectRoot = "";
			targets = (
				D941ACD42AE2F44A0008159C /* FoodOrder */,
				D941ACE52AE2F44C0008159C /* FoodOrderTests */,
				D941ACEF2AE2F44C0008159C /* FoodOrderUITests */,
			);
		};
/* End PBXProject section */

/* Begin PBXResourcesBuildPhase section */
		D941ACD32AE2F44A0008159C /* Resources */ = {
			isa = PBXResourcesBuildPhase;
			buildActionMask = 2147483647;
			files = (
				D941ACE12AE2F44C0008159C /* Preview Assets.xcassets in Resources */,
				D941ACDD2AE2F44C0008159C /* Assets.xcassets in Resources */,
			);
			runOnlyForDeploymentPostprocessing = 0;
		};
		D941ACE42AE2F44C0008159C /* Resources */ = {
			isa = PBXResourcesBuildPhase;
			buildActionMask = 2147483647;
			files = (
			);
			runOnlyForDeploymentPostprocessing = 0;
		};
		D941ACEE2AE2F44C0008159C /* Resources */ = {
			isa = PBXResourcesBuildPhase;
			buildActionMask = 2147483647;
			files = (
			);
			runOnlyForDeploymentPostprocessing = 0;
		};
/* End PBXResourcesBuildPhase section */

/* Begin PBXSourcesBuildPhase section */
		D941ACD12AE2F44A0008159C /* Sources */ = {
			isa = PBXSourcesBuildPhase;
			buildActionMask = 2147483647;
			files = (
				D941AD042AE3A1170008159C /* FoodListView.swift in Sources */,
				D941AD062AE3A1330008159C /* OrderView.swift in Sources */,
				D941ACDB2AE2F44A0008159C /* FoodTabView.swift in Sources */,
				D941ACD92AE2F44A0008159C /* FoodOrderApp.swift in Sources */,
				D941AD082AE3A1490008159C /* AccountView.swift in Sources */,
			);
			runOnlyForDeploymentPostprocessing = 0;
		};
		D941ACE22AE2F44C0008159C /* Sources */ = {
			isa = PBXSourcesBuildPhase;
			buildActionMask = 2147483647;
			files = (
				D941ACEB2AE2F44C0008159C /* FoodOrderTests.swift in Sources */,
			);
			runOnlyForDeploymentPostprocessing = 0;
		};
		D941ACEC2AE2F44C0008159C /* Sources */ = {
			isa = PBXSourcesBuildPhase;
			buildActionMask = 2147483647;
			files = (
				D941ACF52AE2F44C0008159C /* FoodOrderUITests.swift in Sources */,
				D941ACF72AE2F44C0008159C /* FoodOrderUITestsLaunchTests.swift in Sources */,
			);
			runOnlyForDeploymentPostprocessing = 0;
		};
/* End PBXSourcesBuildPhase section */

/* Begin PBXTargetDependency section */
		D941ACE82AE2F44C0008159C /* PBXTargetDependency */ = {
			isa = PBXTargetDependency;
			target = D941ACD42AE2F44A0008159C /* FoodOrder */;
			targetProxy = D941ACE72AE2F44C0008159C /* PBXContainerItemProxy */;
		};
		D941ACF22AE2F44C0008159C /* PBXTargetDependency */ = {
			isa = PBXTargetDependency;
			target = D941ACD42AE2F44A0008159C /* FoodOrder */;
			targetProxy = D941ACF12AE2F44C0008159C /* PBXContainerItemProxy */;
		};
/* End PBXTargetDependency section */

/* Begin XCBuildConfiguration section */
		D941ACF82AE2F44C0008159C /* Debug */ = {
			isa = XCBuildConfiguration;
			buildSettings = {
				ALWAYS_SEARCH_USER_PATHS = NO;
				ASSETCATALOG_COMPILER_GENERATE_SWIFT_ASSET_SYMBOL_EXTENSIONS = YES;
				CLANG_ANALYZER_NONNULL = YES;
				CLANG_ANALYZER_NUMBER_OBJECT_CONVERSION = YES_AGGRESSIVE;
				CLANG_CXX_LANGUAGE_STANDARD = "gnu++20";
				CLANG_ENABLE_MODULES = YES;
				CLANG_ENABLE_OBJC_ARC = YES;
				CLANG_ENABLE_OBJC_WEAK = YES;
				CLANG_WARN_BLOCK_CAPTURE_AUTORELEASING = YES;
				CLANG_WARN_BOOL_CONVERSION = YES;
				CLANG_WARN_COMMA = YES;
				CLANG_WARN_CONSTANT_CONVERSION = YES;
				CLANG_WARN_DEPRECATED_OBJC_IMPLEMENTATIONS = YES;
				CLANG_WARN_DIRECT_OBJC_ISA_USAGE = YES_ERROR;
				CLANG_WARN_DOCUMENTATION_COMMENTS = YES;
				CLANG_WARN_EMPTY_BODY = YES;
				CLANG_WARN_ENUM_CONVERSION = YES;
				CLANG_WARN_INFINITE_RECURSION = YES;
				CLANG_WARN_INT_CONVERSION = YES;
				CLANG_WARN_NON_LITERAL_NULL_CONVERSION = YES;
				CLANG_WARN_OBJC_IMPLICIT_RETAIN_SELF = YES;
				CLANG_WARN_OBJC_LITERAL_CONVERSION = YES;
				CLANG_WARN_OBJC_ROOT_CLASS = YES_ERROR;
				CLANG_WARN_QUOTED_INCLUDE_IN_FRAMEWORK_HEADER = YES;
				CLANG_WARN_RANGE_LOOP_ANALYSIS = YES;
				CLANG_WARN_STRICT_PROTOTYPES = YES;
				CLANG_WARN_SUSPICIOUS_MOVE = YES;
				CLANG_WARN_UNGUARDED_AVAILABILITY = YES_AGGRESSIVE;
				CLANG_WARN_UNREACHABLE_CODE = YES;
				CLANG_WARN__DUPLICATE_METHOD_MATCH = YES;
				COPY_PHASE_STRIP = NO;
				DEBUG_INFORMATION_FORMAT = dwarf;
				ENABLE_STRICT_OBJC_MSGSEND = YES;
				ENABLE_TESTABILITY = YES;
				ENABLE_USER_SCRIPT_SANDBOXING = YES;
				GCC_C_LANGUAGE_STANDARD = gnu17;
				GCC_DYNAMIC_NO_PIC = NO;
				GCC_NO_COMMON_BLOCKS = YES;
				GCC_OPTIMIZATION_LEVEL = 0;
				GCC_PREPROCESSOR_DEFINITIONS = (
					"DEBUG=1",
					"$(inherited)",
				);
				GCC_WARN_64_TO_32_BIT_CONVERSION = YES;
				GCC_WARN_ABOUT_RETURN_TYPE = YES_ERROR;
				GCC_WARN_UNDECLARED_SELECTOR = YES;
				GCC_WARN_UNINITIALIZED_AUTOS = YES_AGGRESSIVE;
				GCC_WARN_UNUSED_FUNCTION = YES;
				GCC_WARN_UNUSED_VARIABLE = YES;
				LOCALIZATION_PREFERS_STRING_CATALOGS = YES;
				MTL_ENABLE_DEBUG_INFO = INCLUDE_SOURCE;
				MTL_FAST_MATH = YES;
				ONLY_ACTIVE_ARCH = YES;
				SWIFT_ACTIVE_COMPILATION_CONDITIONS = "DEBUG $(inherited)";
				SWIFT_OPTIMIZATION_LEVEL = "-Onone";
			};
			name = Debug;
		};
		D941ACF92AE2F44C0008159C /* Release */ = {
			isa = XCBuildConfiguration;
			buildSettings = {
				ALWAYS_SEARCH_USER_PATHS = NO;
				ASSETCATALOG_COMPILER_GENERATE_SWIFT_ASSET_SYMBOL_EXTENSIONS = YES;
				CLANG_ANALYZER_NONNULL = YES;
				CLANG_ANALYZER_NUMBER_OBJECT_CONVERSION = YES_AGGRESSIVE;
				CLANG_CXX_LANGUAGE_STANDARD = "gnu++20";
				CLANG_ENABLE_MODULES = YES;
				CLANG_ENABLE_OBJC_ARC = YES;
				CLANG_ENABLE_OBJC_WEAK = YES;
				CLANG_WARN_BLOCK_CAPTURE_AUTORELEASING = YES;
				CLANG_WARN_BOOL_CONVERSION = YES;
				CLANG_WARN_COMMA = YES;
				CLANG_WARN_CONSTANT_CONVERSION = YES;
				CLANG_WARN_DEPRECATED_OBJC_IMPLEMENTATIONS = YES;
				CLANG_WARN_DIRECT_OBJC_ISA_USAGE = YES_ERROR;
				CLANG_WARN_DOCUMENTATION_COMMENTS = YES;
				CLANG_WARN_EMPTY_BODY = YES;
				CLANG_WARN_ENUM_CONVERSION = YES;
				CLANG_WARN_INFINITE_RECURSION = YES;
				CLANG_WARN_INT_CONVERSION = YES;
				CLANG_WARN_NON_LITERAL_NULL_CONVERSION = YES;
				CLANG_WARN_OBJC_IMPLICIT_RETAIN_SELF = YES;
				CLANG_WARN_OBJC_LITERAL_CONVERSION = YES;
				CLANG_WARN_OBJC_ROOT_CLASS = YES_ERROR;
				CLANG_WARN_QUOTED_INCLUDE_IN_FRAMEWORK_HEADER = YES;
				CLANG_WARN_RANGE_LOOP_ANALYSIS = YES;
				CLANG_WARN_STRICT_PROTOTYPES = YES;
				CLANG_WARN_SUSPICIOUS_MOVE = YES;
				CLANG_WARN_UNGUARDED_AVAILABILITY = YES_AGGRESSIVE;
				CLANG_WARN_UNREACHABLE_CODE = YES;
				CLANG_WARN__DUPLICATE_METHOD_MATCH = YES;
				COPY_PHASE_STRIP = NO;
				DEBUG_INFORMATION_FORMAT = "dwarf-with-dsym";
				ENABLE_NS_ASSERTIONS = NO;
				ENABLE_STRICT_OBJC_MSGSEND = YES;
				ENABLE_USER_SCRIPT_SANDBOXING = YES;
				GCC_C_LANGUAGE_STANDARD = gnu17;
				GCC_NO_COMMON_BLOCKS = YES;
				GCC_WARN_64_TO_32_BIT_CONVERSION = YES;
				GCC_WARN_ABOUT_RETURN_TYPE = YES_ERROR;
				GCC_WARN_UNDECLARED_SELECTOR = YES;
				GCC_WARN_UNINITIALIZED_AUTOS = YES_AGGRESSIVE;
				GCC_WARN_UNUSED_FUNCTION = YES;
				GCC_WARN_UNUSED_VARIABLE = YES;
				LOCALIZATION_PREFERS_STRING_CATALOGS = YES;
				MTL_ENABLE_DEBUG_INFO = NO;
				MTL_FAST_MATH = YES;
				SWIFT_COMPILATION_MODE = wholemodule;
			};
			name = Release;
		};
		D941ACFB2AE2F44C0008159C /* Debug */ = {
			isa = XCBuildConfiguration;
			buildSettings = {
				ASSETCATALOG_COMPILER_APPICON_NAME = AppIcon;
				ASSETCATALOG_COMPILER_GLOBAL_ACCENT_COLOR_NAME = AccentColor;
				CODE_SIGN_ENTITLEMENTS = FoodOrder/FoodOrder.entitlements;
				CODE_SIGN_STYLE = Automatic;
				CURRENT_PROJECT_VERSION = 1;
				DEVELOPMENT_ASSET_PATHS = "\"FoodOrder/Preview Content\"";
				ENABLE_PREVIEWS = YES;
				GENERATE_INFOPLIST_FILE = YES;
				"INFOPLIST_KEY_UIApplicationSceneManifest_Generation[sdk=iphoneos*]" = YES;
				"INFOPLIST_KEY_UIApplicationSceneManifest_Generation[sdk=iphonesimulator*]" = YES;
				"INFOPLIST_KEY_UIApplicationSupportsIndirectInputEvents[sdk=iphoneos*]" = YES;
				"INFOPLIST_KEY_UIApplicationSupportsIndirectInputEvents[sdk=iphonesimulator*]" = YES;
				"INFOPLIST_KEY_UILaunchScreen_Generation[sdk=iphoneos*]" = YES;
				"INFOPLIST_KEY_UILaunchScreen_Generation[sdk=iphonesimulator*]" = YES;
				"INFOPLIST_KEY_UIStatusBarStyle[sdk=iphoneos*]" = UIStatusBarStyleDefault;
				"INFOPLIST_KEY_UIStatusBarStyle[sdk=iphonesimulator*]" = UIStatusBarStyleDefault;
				INFOPLIST_KEY_UISupportedInterfaceOrientations_iPad = "UIInterfaceOrientationPortrait UIInterfaceOrientationPortraitUpsideDown UIInterfaceOrientationLandscapeLeft UIInterfaceOrientationLandscapeRight";
				INFOPLIST_KEY_UISupportedInterfaceOrientations_iPhone = "UIInterfaceOrientationPortrait UIInterfaceOrientationLandscapeLeft UIInterfaceOrientationLandscapeRight";
				IPHONEOS_DEPLOYMENT_TARGET = 17.0;
				LD_RUNPATH_SEARCH_PATHS = "@executable_path/Frameworks";
				"LD_RUNPATH_SEARCH_PATHS[sdk=macosx*]" = "@executable_path/../Frameworks";
				MACOSX_DEPLOYMENT_TARGET = 14.0;
				MARKETING_VERSION = 1.0;
				PRODUCT_BUNDLE_IDENTIFIER = Learning.FoodOrder;
				PRODUCT_NAME = "$(TARGET_NAME)";
				SDKROOT = auto;
				SUPPORTED_PLATFORMS = "iphoneos iphonesimulator macosx";
				SWIFT_EMIT_LOC_STRINGS = YES;
				SWIFT_VERSION = 5.0;
				TARGETED_DEVICE_FAMILY = "1,2";
			};
			name = Debug;
		};
		D941ACFC2AE2F44C0008159C /* Release */ = {
			isa = XCBuildConfiguration;
			buildSettings = {
				ASSETCATALOG_COMPILER_APPICON_NAME = AppIcon;
				ASSETCATALOG_COMPILER_GLOBAL_ACCENT_COLOR_NAME = AccentColor;
				CODE_SIGN_ENTITLEMENTS = FoodOrder/FoodOrder.entitlements;
				CODE_SIGN_STYLE = Automatic;
				CURRENT_PROJECT_VERSION = 1;
				DEVELOPMENT_ASSET_PATHS = "\"FoodOrder/Preview Content\"";
				ENABLE_PREVIEWS = YES;
				GENERATE_INFOPLIST_FILE = YES;
				"INFOPLIST_KEY_UIApplicationSceneManifest_Generation[sdk=iphoneos*]" = YES;
				"INFOPLIST_KEY_UIApplicationSceneManifest_Generation[sdk=iphonesimulator*]" = YES;
				"INFOPLIST_KEY_UIApplicationSupportsIndirectInputEvents[sdk=iphoneos*]" = YES;
				"INFOPLIST_KEY_UIApplicationSupportsIndirectInputEvents[sdk=iphonesimulator*]" = YES;
				"INFOPLIST_KEY_UILaunchScreen_Generation[sdk=iphoneos*]" = YES;
				"INFOPLIST_KEY_UILaunchScreen_Generation[sdk=iphonesimulator*]" = YES;
				"INFOPLIST_KEY_UIStatusBarStyle[sdk=iphoneos*]" = UIStatusBarStyleDefault;
				"INFOPLIST_KEY_UIStatusBarStyle[sdk=iphonesimulator*]" = UIStatusBarStyleDefault;
				INFOPLIST_KEY_UISupportedInterfaceOrientations_iPad = "UIInterfaceOrientationPortrait UIInterfaceOrientationPortraitUpsideDown UIInterfaceOrientationLandscapeLeft UIInterfaceOrientationLandscapeRight";
				INFOPLIST_KEY_UISupportedInterfaceOrientations_iPhone = "UIInterfaceOrientationPortrait UIInterfaceOrientationLandscapeLeft UIInterfaceOrientationLandscapeRight";
				IPHONEOS_DEPLOYMENT_TARGET = 17.0;
				LD_RUNPATH_SEARCH_PATHS = "@executable_path/Frameworks";
				"LD_RUNPATH_SEARCH_PATHS[sdk=macosx*]" = "@executable_path/../Frameworks";
				MACOSX_DEPLOYMENT_TARGET = 14.0;
				MARKETING_VERSION = 1.0;
				PRODUCT_BUNDLE_IDENTIFIER = Learning.FoodOrder;
				PRODUCT_NAME = "$(TARGET_NAME)";
				SDKROOT = auto;
				SUPPORTED_PLATFORMS = "iphoneos iphonesimulator macosx";
				SWIFT_EMIT_LOC_STRINGS = YES;
				SWIFT_VERSION = 5.0;
				TARGETED_DEVICE_FAMILY = "1,2";
			};
			name = Release;
		};
		D941ACFE2AE2F44C0008159C /* Debug */ = {
			isa = XCBuildConfiguration;
			buildSettings = {
				ALWAYS_EMBED_SWIFT_STANDARD_LIBRARIES = YES;
				BUNDLE_LOADER = "$(TEST_HOST)";
				CODE_SIGN_STYLE = Automatic;
				CURRENT_PROJECT_VERSION = 1;
				GENERATE_INFOPLIST_FILE = YES;
				IPHONEOS_DEPLOYMENT_TARGET = 17.0;
				MACOSX_DEPLOYMENT_TARGET = 14.0;
				MARKETING_VERSION = 1.0;
				PRODUCT_BUNDLE_IDENTIFIER = Learning.FoodOrderTests;
				PRODUCT_NAME = "$(TARGET_NAME)";
				SDKROOT = auto;
				SUPPORTED_PLATFORMS = "iphoneos iphonesimulator macosx";
				SWIFT_EMIT_LOC_STRINGS = NO;
				SWIFT_VERSION = 5.0;
				TARGETED_DEVICE_FAMILY = "1,2";
				TEST_HOST = "$(BUILT_PRODUCTS_DIR)/FoodOrder.app/$(BUNDLE_EXECUTABLE_FOLDER_PATH)/FoodOrder";
			};
			name = Debug;
		};
		D941ACFF2AE2F44C0008159C /* Release */ = {
			isa = XCBuildConfiguration;
			buildSettings = {
				ALWAYS_EMBED_SWIFT_STANDARD_LIBRARIES = YES;
				BUNDLE_LOADER = "$(TEST_HOST)";
				CODE_SIGN_STYLE = Automatic;
				CURRENT_PROJECT_VERSION = 1;
				GENERATE_INFOPLIST_FILE = YES;
				IPHONEOS_DEPLOYMENT_TARGET = 17.0;
				MACOSX_DEPLOYMENT_TARGET = 14.0;
				MARKETING_VERSION = 1.0;
				PRODUCT_BUNDLE_IDENTIFIER = Learning.FoodOrderTests;
				PRODUCT_NAME = "$(TARGET_NAME)";
				SDKROOT = auto;
				SUPPORTED_PLATFORMS = "iphoneos iphonesimulator macosx";
				SWIFT_EMIT_LOC_STRINGS = NO;
				SWIFT_VERSION = 5.0;
				TARGETED_DEVICE_FAMILY = "1,2";
				TEST_HOST = "$(BUILT_PRODUCTS_DIR)/FoodOrder.app/$(BUNDLE_EXECUTABLE_FOLDER_PATH)/FoodOrder";
			};
			name = Release;
		};
		D941AD012AE2F44C0008159C /* Debug */ = {
			isa = XCBuildConfiguration;
			buildSettings = {
				ALWAYS_EMBED_SWIFT_STANDARD_LIBRARIES = YES;
				CODE_SIGN_STYLE = Automatic;
				CURRENT_PROJECT_VERSION = 1;
				GENERATE_INFOPLIST_FILE = YES;
				IPHONEOS_DEPLOYMENT_TARGET = 17.0;
				MACOSX_DEPLOYMENT_TARGET = 14.0;
				MARKETING_VERSION = 1.0;
				PRODUCT_BUNDLE_IDENTIFIER = Learning.FoodOrderUITests;
				PRODUCT_NAME = "$(TARGET_NAME)";
				SDKROOT = auto;
				SUPPORTED_PLATFORMS = "iphoneos iphonesimulator macosx";
				SWIFT_EMIT_LOC_STRINGS = NO;
				SWIFT_VERSION = 5.0;
				TARGETED_DEVICE_FAMILY = "1,2";
				TEST_TARGET_NAME = FoodOrder;
			};
			name = Debug;
		};
		D941AD022AE2F44C0008159C /* Release */ = {
			isa = XCBuildConfiguration;
			buildSettings = {
				ALWAYS_EMBED_SWIFT_STANDARD_LIBRARIES = YES;
				CODE_SIGN_STYLE = Automatic;
				CURRENT_PROJECT_VERSION = 1;
				GENERATE_INFOPLIST_FILE = YES;
				IPHONEOS_DEPLOYMENT_TARGET = 17.0;
				MACOSX_DEPLOYMENT_TARGET = 14.0;
				MARKETING_VERSION = 1.0;
				PRODUCT_BUNDLE_IDENTIFIER = Learning.FoodOrderUITests;
				PRODUCT_NAME = "$(TARGET_NAME)";
				SDKROOT = auto;
				SUPPORTED_PLATFORMS = "iphoneos iphonesimulator macosx";
				SWIFT_EMIT_LOC_STRINGS = NO;
				SWIFT_VERSION = 5.0;
				TARGETED_DEVICE_FAMILY = "1,2";
				TEST_TARGET_NAME = FoodOrder;
			};
			name = Release;
		};
/* End XCBuildConfiguration section */

/* Begin XCConfigurationList section */
		D941ACD02AE2F44A0008159C /* Build configuration list for PBXProject "FoodOrder" */ = {
			isa = XCConfigurationList;
			buildConfigurations = (
				D941ACF82AE2F44C0008159C /* Debug */,
				D941ACF92AE2F44C0008159C /* Release */,
			);
			defaultConfigurationIsVisible = 0;
			defaultConfigurationName = Release;
		};
		D941ACFA2AE2F44C0008159C /* Build configuration list for PBXNativeTarget "FoodOrder" */ = {
			isa = XCConfigurationList;
			buildConfigurations = (
				D941ACFB2AE2F44C0008159C /* Debug */,
				D941ACFC2AE2F44C0008159C /* Release */,
			);
			defaultConfigurationIsVisible = 0;
			defaultConfigurationName = Release;
		};
		D941ACFD2AE2F44C0008159C /* Build configuration list for PBXNativeTarget "FoodOrderTests" */ = {
			isa = XCConfigurationList;
			buildConfigurations = (
				D941ACFE2AE2F44C0008159C /* Debug */,
				D941ACFF2AE2F44C0008159C /* Release */,
			);
			defaultConfigurationIsVisible = 0;
			defaultConfigurationName = Release;
		};
		D941AD002AE2F44C0008159C /* Build configuration list for PBXNativeTarget "FoodOrderUITests" */ = {
			isa = XCConfigurationList;
			buildConfigurations = (
				D941AD012AE2F44C0008159C /* Debug */,
				D941AD022AE2F44C0008159C /* Release */,
			);
			defaultConfigurationIsVisible = 0;
			defaultConfigurationName = Release;
		};
/* End XCConfigurationList section */
	};
	rootObject = D941ACCD2AE2F44A0008159C /* Project object */;
}
